{
  "nodes": {
    "mdbook-nixdoc": {
      "inputs": {
        "nix-github-actions": [
          "pyproject-nix",
          "nix-github-actions"
        ],
        "nixpkgs": [
          "pyproject-nix",
          "nixpkgs"
        ]
      },
      "locked": {
        "lastModified": 1708395692,
        "narHash": "sha256-smf0VmxGbjJDZqKvxxG3ZVqubgbVwAWG26wPo+BT/A0=",
        "owner": "adisbladis",
        "repo": "mdbook-nixdoc",
        "rev": "d6a71b114b9221c0b4f20d31b81766d072cc26be",
        "type": "github"
      },
      "original": {
        "owner": "adisbladis",
        "repo": "mdbook-nixdoc",
        "type": "github"
      }
    },
    "nix-github-actions": {
      "inputs": {
        "nixpkgs": [
          "pyproject-nix",
          "nixpkgs"
        ]
      },
      "locked": {
        "lastModified": 1703863825,
        "narHash": "sha256-rXwqjtwiGKJheXB43ybM8NwWB8rO2dSRrEqes0S7F5Y=",
        "owner": "nix-community",
        "repo": "nix-github-actions",
        "rev": "5163432afc817cf8bd1f031418d1869e4c9d5547",
        "type": "github"
      },
      "original": {
        "owner": "nix-community",
        "repo": "nix-github-actions",
        "type": "github"
      }
    },
    "nixpkgs": {
      "locked": {
        "lastModified": 1710534455,
        "narHash": "sha256-huQT4Xs0y4EeFKn2BTBVYgEwJSv8SDlm82uWgMnCMmI=",
        "owner": "NixOS",
        "repo": "nixpkgs",
        "rev": "9af9c1c87ed3e3ed271934cb896e0cdd33dae212",
        "type": "github"
      },
      "original": {
        "owner": "NixOS",
        "ref": "nixpkgs-unstable",
        "repo": "nixpkgs",
        "type": "github"
      }
    },
    "pyproject-nix": {
      "inputs": {
        "mdbook-nixdoc": "mdbook-nixdoc",
        "nix-github-actions": "nix-github-actions",
        "nixpkgs": [
          "nixpkgs"
        ]
      },
      "locked": {
        "lastModified": 1709886419,
        "narHash": "sha256-qXZsmegy0W0hn9yxYQFin1jZB3ikmBWXyBDQx1AqEQ4=",
        "owner": "nix-community",
        "repo": "pyproject.nix",
        "rev": "2841577401c77106150b98bcb3a30510cb6c652a",
        "type": "github"
      },
      "original": {
        "owner": "nix-community",
        "repo": "pyproject.nix",
        "type": "github"
      }
    },
    "root": {
      "inputs": {
        "nixpkgs": "nixpkgs",
        "pyproject-nix": "pyproject-nix"
      }
    }
  },
  "root": "root",
  "version": 7
}
